// !$*UTF8*$!
{
	archiveVersion = 1;
	classes = {
	};
	objectVersion = 56;
	objects = {

/* Begin PBXBuildFile section */
		C844706A2A4F080200672CFE /* Communities View.swift in Sources */ = {isa = PBXBuildFile; fileRef = C84470692A4F080200672CFE /* Communities View.swift */; };
		C84470722A4F274D00672CFE /* KeychainAccess in Frameworks */ = {isa = PBXBuildFile; productRef = C84470712A4F274D00672CFE /* KeychainAccess */; };
		C84470742A4F54F800672CFE /* Settings.swift in Sources */ = {isa = PBXBuildFile; fileRef = C84470732A4F54F800672CFE /* Settings.swift */; };
		C87662EF2A4E0CE50071575D /* Lemmy-Swift-Client in Frameworks */ = {isa = PBXBuildFile; productRef = C87662EE2A4E0CE50071575D /* Lemmy-Swift-Client */; };
		C8D67AC22A4D9E51008EE62C /* LemmingApp.swift in Sources */ = {isa = PBXBuildFile; fileRef = C8D67AC12A4D9E51008EE62C /* LemmingApp.swift */; };
		C8D67AC42A4D9E51008EE62C /* Login View.swift in Sources */ = {isa = PBXBuildFile; fileRef = C8D67AC32A4D9E51008EE62C /* Login View.swift */; };
		C8D67AC62A4D9E53008EE62C /* Assets.xcassets in Resources */ = {isa = PBXBuildFile; fileRef = C8D67AC52A4D9E53008EE62C /* Assets.xcassets */; };
		C8D67AC92A4D9E53008EE62C /* Preview Assets.xcassets in Resources */ = {isa = PBXBuildFile; fileRef = C8D67AC82A4D9E53008EE62C /* Preview Assets.xcassets */; };
		C8D67CB22A4DC27B008EE62C /* Authentication.swift in Sources */ = {isa = PBXBuildFile; fileRef = C8D67CB12A4DC27B008EE62C /* Authentication.swift */; };
		C8D67CB62A4DE2CE008EE62C /* HomeView.swift in Sources */ = {isa = PBXBuildFile; fileRef = C8D67CB52A4DE2CE008EE62C /* HomeView.swift */; };
		C8D67CB82A4DE81B008EE62C /* FeedView.swift in Sources */ = {isa = PBXBuildFile; fileRef = C8D67CB72A4DE81B008EE62C /* FeedView.swift */; };
		C8D67CBA2A4DE829008EE62C /* ProfileView.swift in Sources */ = {isa = PBXBuildFile; fileRef = C8D67CB92A4DE829008EE62C /* ProfileView.swift */; };
		C8D67CBC2A4DE87E008EE62C /* SettingsView.swift in Sources */ = {isa = PBXBuildFile; fileRef = C8D67CBB2A4DE87E008EE62C /* SettingsView.swift */; };
/* End PBXBuildFile section */

/* Begin PBXFileReference section */
		C84470692A4F080200672CFE /* Communities View.swift */ = {isa = PBXFileReference; lastKnownFileType = sourcecode.swift; path = "Communities View.swift"; sourceTree = "<group>"; };
		C84470732A4F54F800672CFE /* Settings.swift */ = {isa = PBXFileReference; lastKnownFileType = sourcecode.swift; path = Settings.swift; sourceTree = "<group>"; };
		C8D67ABE2A4D9E51008EE62C /* Lemming.app */ = {isa = PBXFileReference; explicitFileType = wrapper.application; includeInIndex = 0; path = Lemming.app; sourceTree = BUILT_PRODUCTS_DIR; };
		C8D67AC12A4D9E51008EE62C /* LemmingApp.swift */ = {isa = PBXFileReference; lastKnownFileType = sourcecode.swift; path = LemmingApp.swift; sourceTree = "<group>"; };
		C8D67AC32A4D9E51008EE62C /* Login View.swift */ = {isa = PBXFileReference; lastKnownFileType = sourcecode.swift; path = "Login View.swift"; sourceTree = "<group>"; };
		C8D67AC52A4D9E53008EE62C /* Assets.xcassets */ = {isa = PBXFileReference; lastKnownFileType = folder.assetcatalog; path = Assets.xcassets; sourceTree = "<group>"; };
		C8D67AC82A4D9E53008EE62C /* Preview Assets.xcassets */ = {isa = PBXFileReference; lastKnownFileType = folder.assetcatalog; path = "Preview Assets.xcassets"; sourceTree = "<group>"; };
		C8D67CB12A4DC27B008EE62C /* Authentication.swift */ = {isa = PBXFileReference; lastKnownFileType = sourcecode.swift; path = Authentication.swift; sourceTree = "<group>"; };
		C8D67CB52A4DE2CE008EE62C /* HomeView.swift */ = {isa = PBXFileReference; lastKnownFileType = sourcecode.swift; path = HomeView.swift; sourceTree = "<group>"; };
		C8D67CB72A4DE81B008EE62C /* FeedView.swift */ = {isa = PBXFileReference; lastKnownFileType = sourcecode.swift; path = FeedView.swift; sourceTree = "<group>"; };
		C8D67CB92A4DE829008EE62C /* ProfileView.swift */ = {isa = PBXFileReference; lastKnownFileType = sourcecode.swift; path = ProfileView.swift; sourceTree = "<group>"; };
		C8D67CBB2A4DE87E008EE62C /* SettingsView.swift */ = {isa = PBXFileReference; lastKnownFileType = sourcecode.swift; path = SettingsView.swift; sourceTree = "<group>"; };
/* End PBXFileReference section */

/* Begin PBXFrameworksBuildPhase section */
		C8D67ABB2A4D9E51008EE62C /* Frameworks */ = {
			isa = PBXFrameworksBuildPhase;
			buildActionMask = 2147483647;
			files = (
				C87662EF2A4E0CE50071575D /* Lemmy-Swift-Client in Frameworks */,
				C84470722A4F274D00672CFE /* KeychainAccess in Frameworks */,
			);
			runOnlyForDeploymentPostprocessing = 0;
		};
/* End PBXFrameworksBuildPhase section */

/* Begin PBXGroup section */
		C8D67AB52A4D9E51008EE62C = {
			isa = PBXGroup;
			children = (
				C8D67AC02A4D9E51008EE62C /* Lemming */,
				C8D67ABF2A4D9E51008EE62C /* Products */,
			);
			sourceTree = "<group>";
		};
		C8D67ABF2A4D9E51008EE62C /* Products */ = {
			isa = PBXGroup;
			children = (
				C8D67ABE2A4D9E51008EE62C /* Lemming.app */,
			);
			name = Products;
			sourceTree = "<group>";
		};
		C8D67AC02A4D9E51008EE62C /* Lemming */ = {
			isa = PBXGroup;
			children = (
				C8D67AF12A4DBF9D008EE62C /* Models */,
				C8D67CB02A4DC265008EE62C /* View Models */,
				C8D67ACF2A4D9E9C008EE62C /* Views */,
				C8D67AC12A4D9E51008EE62C /* LemmingApp.swift */,
				C8D67AC52A4D9E53008EE62C /* Assets.xcassets */,
				C8D67AC72A4D9E53008EE62C /* Preview Content */,
			);
			path = Lemming;
			sourceTree = "<group>";
		};
		C8D67AC72A4D9E53008EE62C /* Preview Content */ = {
			isa = PBXGroup;
			children = (
				C8D67AC82A4D9E53008EE62C /* Preview Assets.xcassets */,
			);
			path = "Preview Content";
			sourceTree = "<group>";
		};
		C8D67ACF2A4D9E9C008EE62C /* Views */ = {
			isa = PBXGroup;
			children = (
				C8D67AC32A4D9E51008EE62C /* Login View.swift */,
				C8D67CB52A4DE2CE008EE62C /* HomeView.swift */,
				C8D67CB72A4DE81B008EE62C /* FeedView.swift */,
				C8D67CB92A4DE829008EE62C /* ProfileView.swift */,
				C8D67CBB2A4DE87E008EE62C /* SettingsView.swift */,
				C84470692A4F080200672CFE /* Communities View.swift */,
			);
			path = Views;
			sourceTree = "<group>";
		};
		C8D67AF12A4DBF9D008EE62C /* Models */ = {
			isa = PBXGroup;
			children = (
				C8D67CB12A4DC27B008EE62C /* Authentication.swift */,
			);
			path = Models;
			sourceTree = "<group>";
		};
		C8D67CB02A4DC265008EE62C /* View Models */ = {
			isa = PBXGroup;
			children = (
				C84470732A4F54F800672CFE /* Settings.swift */,
			);
			path = "View Models";
			sourceTree = "<group>";
		};
/* End PBXGroup section */

/* Begin PBXNativeTarget section */
		C8D67ABD2A4D9E51008EE62C /* Lemming */ = {
			isa = PBXNativeTarget;
			buildConfigurationList = C8D67ACC2A4D9E53008EE62C /* Build configuration list for PBXNativeTarget "Lemming" */;
			buildPhases = (
				C8D67ABA2A4D9E51008EE62C /* Sources */,
				C8D67ABB2A4D9E51008EE62C /* Frameworks */,
				C8D67ABC2A4D9E51008EE62C /* Resources */,
			);
			buildRules = (
			);
			dependencies = (
			);
			name = Lemming;
			packageProductDependencies = (
				C87662EE2A4E0CE50071575D /* Lemmy-Swift-Client */,
				C84470712A4F274D00672CFE /* KeychainAccess */,
			);
			productName = Lemming;
			productReference = C8D67ABE2A4D9E51008EE62C /* Lemming.app */;
			productType = "com.apple.product-type.application";
		};
/* End PBXNativeTarget section */

/* Begin PBXProject section */
		C8D67AB62A4D9E51008EE62C /* Project object */ = {
			isa = PBXProject;
			attributes = {
				BuildIndependentTargetsInParallel = 1;
				LastSwiftUpdateCheck = 1430;
				LastUpgradeCheck = 1430;
				TargetAttributes = {
					C8D67ABD2A4D9E51008EE62C = {
						CreatedOnToolsVersion = 14.3.1;
					};
				};
			};
			buildConfigurationList = C8D67AB92A4D9E51008EE62C /* Build configuration list for PBXProject "Lemming" */;
			compatibilityVersion = "Xcode 14.0";
			developmentRegion = en;
			hasScannedForEncodings = 0;
			knownRegions = (
				en,
				Base,
			);
			mainGroup = C8D67AB52A4D9E51008EE62C;
			packageReferences = (
				C87662ED2A4E0CE50071575D /* XCRemoteSwiftPackageReference "Lemmy-Swift-Client" */,
				C844706D2A4F11AA00672CFE /* XCRemoteSwiftPackageReference "keychain-swift" */,
				C84470702A4F274D00672CFE /* XCRemoteSwiftPackageReference "KeychainAccess" */,
			);
			productRefGroup = C8D67ABF2A4D9E51008EE62C /* Products */;
			projectDirPath = "";
			projectRoot = "";
			targets = (
				C8D67ABD2A4D9E51008EE62C /* Lemming */,
			);
		};
/* End PBXProject section */

/* Begin PBXResourcesBuildPhase section */
		C8D67ABC2A4D9E51008EE62C /* Resources */ = {
			isa = PBXResourcesBuildPhase;
			buildActionMask = 2147483647;
			files = (
				C8D67AC92A4D9E53008EE62C /* Preview Assets.xcassets in Resources */,
				C8D67AC62A4D9E53008EE62C /* Assets.xcassets in Resources */,
			);
			runOnlyForDeploymentPostprocessing = 0;
		};
/* End PBXResourcesBuildPhase section */

/* Begin PBXSourcesBuildPhase section */
		C8D67ABA2A4D9E51008EE62C /* Sources */ = {
			isa = PBXSourcesBuildPhase;
			buildActionMask = 2147483647;
			files = (
				C8D67CB82A4DE81B008EE62C /* FeedView.swift in Sources */,
				C844706A2A4F080200672CFE /* Communities View.swift in Sources */,
				C8D67CBA2A4DE829008EE62C /* ProfileView.swift in Sources */,
				C8D67CB62A4DE2CE008EE62C /* HomeView.swift in Sources */,
				C8D67CBC2A4DE87E008EE62C /* SettingsView.swift in Sources */,
				C8D67AC42A4D9E51008EE62C /* Login View.swift in Sources */,
				C84470742A4F54F800672CFE /* Settings.swift in Sources */,
				C8D67CB22A4DC27B008EE62C /* Authentication.swift in Sources */,
				C8D67AC22A4D9E51008EE62C /* LemmingApp.swift in Sources */,
			);
			runOnlyForDeploymentPostprocessing = 0;
		};
/* End PBXSourcesBuildPhase section */

/* Begin XCBuildConfiguration section */
		C8D67ACA2A4D9E53008EE62C /* Debug */ = {
			isa = XCBuildConfiguration;
			buildSettings = {
				ALWAYS_SEARCH_USER_PATHS = NO;
				CLANG_ANALYZER_NONNULL = YES;
				CLANG_ANALYZER_NUMBER_OBJECT_CONVERSION = YES_AGGRESSIVE;
				CLANG_CXX_LANGUAGE_STANDARD = "gnu++20";
				CLANG_ENABLE_MODULES = YES;
				CLANG_ENABLE_OBJC_ARC = YES;
				CLANG_ENABLE_OBJC_WEAK = YES;
				CLANG_WARN_BLOCK_CAPTURE_AUTORELEASING = YES;
				CLANG_WARN_BOOL_CONVERSION = YES;
				CLANG_WARN_COMMA = YES;
				CLANG_WARN_CONSTANT_CONVERSION = YES;
				CLANG_WARN_DEPRECATED_OBJC_IMPLEMENTATIONS = YES;
				CLANG_WARN_DIRECT_OBJC_ISA_USAGE = YES_ERROR;
				CLANG_WARN_DOCUMENTATION_COMMENTS = YES;
				CLANG_WARN_EMPTY_BODY = YES;
				CLANG_WARN_ENUM_CONVERSION = YES;
				CLANG_WARN_INFINITE_RECURSION = YES;
				CLANG_WARN_INT_CONVERSION = YES;
				CLANG_WARN_NON_LITERAL_NULL_CONVERSION = YES;
				CLANG_WARN_OBJC_IMPLICIT_RETAIN_SELF = YES;
				CLANG_WARN_OBJC_LITERAL_CONVERSION = YES;
				CLANG_WARN_OBJC_ROOT_CLASS = YES_ERROR;
				CLANG_WARN_QUOTED_INCLUDE_IN_FRAMEWORK_HEADER = YES;
				CLANG_WARN_RANGE_LOOP_ANALYSIS = YES;
				CLANG_WARN_STRICT_PROTOTYPES = YES;
				CLANG_WARN_SUSPICIOUS_MOVE = YES;
				CLANG_WARN_UNGUARDED_AVAILABILITY = YES_AGGRESSIVE;
				CLANG_WARN_UNREACHABLE_CODE = YES;
				CLANG_WARN__DUPLICATE_METHOD_MATCH = YES;
				COPY_PHASE_STRIP = NO;
				DEBUG_INFORMATION_FORMAT = dwarf;
				ENABLE_STRICT_OBJC_MSGSEND = YES;
				ENABLE_TESTABILITY = YES;
				GCC_C_LANGUAGE_STANDARD = gnu11;
				GCC_DYNAMIC_NO_PIC = NO;
				GCC_NO_COMMON_BLOCKS = YES;
				GCC_OPTIMIZATION_LEVEL = 0;
				GCC_PREPROCESSOR_DEFINITIONS = (
					"DEBUG=1",
					"$(inherited)",
				);
				GCC_WARN_64_TO_32_BIT_CONVERSION = YES;
				GCC_WARN_ABOUT_RETURN_TYPE = YES_ERROR;
				GCC_WARN_UNDECLARED_SELECTOR = YES;
				GCC_WARN_UNINITIALIZED_AUTOS = YES_AGGRESSIVE;
				GCC_WARN_UNUSED_FUNCTION = YES;
				GCC_WARN_UNUSED_VARIABLE = YES;
				IPHONEOS_DEPLOYMENT_TARGET = 16.4;
				MTL_ENABLE_DEBUG_INFO = INCLUDE_SOURCE;
				MTL_FAST_MATH = YES;
				ONLY_ACTIVE_ARCH = YES;
				SDKROOT = iphoneos;
				SWIFT_ACTIVE_COMPILATION_CONDITIONS = DEBUG;
				SWIFT_OPTIMIZATION_LEVEL = "-Onone";
			};
			name = Debug;
		};
		C8D67ACB2A4D9E53008EE62C /* Release */ = {
			isa = XCBuildConfiguration;
			buildSettings = {
				ALWAYS_SEARCH_USER_PATHS = NO;
				CLANG_ANALYZER_NONNULL = YES;
				CLANG_ANALYZER_NUMBER_OBJECT_CONVERSION = YES_AGGRESSIVE;
				CLANG_CXX_LANGUAGE_STANDARD = "gnu++20";
				CLANG_ENABLE_MODULES = YES;
				CLANG_ENABLE_OBJC_ARC = YES;
				CLANG_ENABLE_OBJC_WEAK = YES;
				CLANG_WARN_BLOCK_CAPTURE_AUTORELEASING = YES;
				CLANG_WARN_BOOL_CONVERSION = YES;
				CLANG_WARN_COMMA = YES;
				CLANG_WARN_CONSTANT_CONVERSION = YES;
				CLANG_WARN_DEPRECATED_OBJC_IMPLEMENTATIONS = YES;
				CLANG_WARN_DIRECT_OBJC_ISA_USAGE = YES_ERROR;
				CLANG_WARN_DOCUMENTATION_COMMENTS = YES;
				CLANG_WARN_EMPTY_BODY = YES;
				CLANG_WARN_ENUM_CONVERSION = YES;
				CLANG_WARN_INFINITE_RECURSION = YES;
				CLANG_WARN_INT_CONVERSION = YES;
				CLANG_WARN_NON_LITERAL_NULL_CONVERSION = YES;
				CLANG_WARN_OBJC_IMPLICIT_RETAIN_SELF = YES;
				CLANG_WARN_OBJC_LITERAL_CONVERSION = YES;
				CLANG_WARN_OBJC_ROOT_CLASS = YES_ERROR;
				CLANG_WARN_QUOTED_INCLUDE_IN_FRAMEWORK_HEADER = YES;
				CLANG_WARN_RANGE_LOOP_ANALYSIS = YES;
				CLANG_WARN_STRICT_PROTOTYPES = YES;
				CLANG_WARN_SUSPICIOUS_MOVE = YES;
				CLANG_WARN_UNGUARDED_AVAILABILITY = YES_AGGRESSIVE;
				CLANG_WARN_UNREACHABLE_CODE = YES;
				CLANG_WARN__DUPLICATE_METHOD_MATCH = YES;
				COPY_PHASE_STRIP = NO;
				DEBUG_INFORMATION_FORMAT = "dwarf-with-dsym";
				ENABLE_NS_ASSERTIONS = NO;
				ENABLE_STRICT_OBJC_MSGSEND = YES;
				GCC_C_LANGUAGE_STANDARD = gnu11;
				GCC_NO_COMMON_BLOCKS = YES;
				GCC_WARN_64_TO_32_BIT_CONVERSION = YES;
				GCC_WARN_ABOUT_RETURN_TYPE = YES_ERROR;
				GCC_WARN_UNDECLARED_SELECTOR = YES;
				GCC_WARN_UNINITIALIZED_AUTOS = YES_AGGRESSIVE;
				GCC_WARN_UNUSED_FUNCTION = YES;
				GCC_WARN_UNUSED_VARIABLE = YES;
				IPHONEOS_DEPLOYMENT_TARGET = 16.4;
				MTL_ENABLE_DEBUG_INFO = NO;
				MTL_FAST_MATH = YES;
				SDKROOT = iphoneos;
				SWIFT_COMPILATION_MODE = wholemodule;
				SWIFT_OPTIMIZATION_LEVEL = "-O";
				VALIDATE_PRODUCT = YES;
			};
			name = Release;
		};
		C8D67ACD2A4D9E53008EE62C /* Debug */ = {
			isa = XCBuildConfiguration;
			buildSettings = {
				ASSETCATALOG_COMPILER_APPICON_NAME = AppIcon;
				ASSETCATALOG_COMPILER_GLOBAL_ACCENT_COLOR_NAME = AccentColor;
				ASSETCATALOG_COMPILER_INCLUDE_ALL_APPICON_ASSETS = NO;
				CODE_SIGN_STYLE = Automatic;
				CURRENT_PROJECT_VERSION = 1;
				DEVELOPMENT_ASSET_PATHS = "\"Lemming/Preview Content\"";
				DEVELOPMENT_TEAM = 67LCNP5SQ5;
				ENABLE_PREVIEWS = YES;
				GENERATE_INFOPLIST_FILE = YES;
				INFOPLIST_KEY_UIApplicationSceneManifest_Generation = YES;
				INFOPLIST_KEY_UIApplicationSupportsIndirectInputEvents = YES;
				INFOPLIST_KEY_UILaunchScreen_Generation = YES;
				INFOPLIST_KEY_UISupportedInterfaceOrientations_iPad = "UIInterfaceOrientationPortrait UIInterfaceOrientationPortraitUpsideDown UIInterfaceOrientationLandscapeLeft UIInterfaceOrientationLandscapeRight";
				INFOPLIST_KEY_UISupportedInterfaceOrientations_iPhone = "UIInterfaceOrientationPortrait UIInterfaceOrientationLandscapeLeft UIInterfaceOrientationLandscapeRight";
				LD_RUNPATH_SEARCH_PATHS = (
					"$(inherited)",
					"@executable_path/Frameworks",
				);
				MARKETING_VERSION = 1.0;
				PRODUCT_BUNDLE_IDENTIFIER = com.johnathan.Lemming;
				PRODUCT_NAME = "$(TARGET_NAME)";
				SWIFT_EMIT_LOC_STRINGS = YES;
				SWIFT_VERSION = 5.0;
				TARGETED_DEVICE_FAMILY = "1,2";
			};
			name = Debug;
		};
		C8D67ACE2A4D9E53008EE62C /* Release */ = {
			isa = XCBuildConfiguration;
			buildSettings = {
				ASSETCATALOG_COMPILER_APPICON_NAME = AppIcon;
				ASSETCATALOG_COMPILER_GLOBAL_ACCENT_COLOR_NAME = AccentColor;
				ASSETCATALOG_COMPILER_INCLUDE_ALL_APPICON_ASSETS = NO;
				CODE_SIGN_STYLE = Automatic;
				CURRENT_PROJECT_VERSION = 1;
				DEVELOPMENT_ASSET_PATHS = "\"Lemming/Preview Content\"";
				DEVELOPMENT_TEAM = 67LCNP5SQ5;
				ENABLE_PREVIEWS = YES;
				GENERATE_INFOPLIST_FILE = YES;
				INFOPLIST_KEY_UIApplicationSceneManifest_Generation = YES;
				INFOPLIST_KEY_UIApplicationSupportsIndirectInputEvents = YES;
				INFOPLIST_KEY_UILaunchScreen_Generation = YES;
				INFOPLIST_KEY_UISupportedInterfaceOrientations_iPad = "UIInterfaceOrientationPortrait UIInterfaceOrientationPortraitUpsideDown UIInterfaceOrientationLandscapeLeft UIInterfaceOrientationLandscapeRight";
				INFOPLIST_KEY_UISupportedInterfaceOrientations_iPhone = "UIInterfaceOrientationPortrait UIInterfaceOrientationLandscapeLeft UIInterfaceOrientationLandscapeRight";
				LD_RUNPATH_SEARCH_PATHS = (
					"$(inherited)",
					"@executable_path/Frameworks",
				);
				MARKETING_VERSION = 1.0;
				PRODUCT_BUNDLE_IDENTIFIER = com.johnathan.Lemming;
				PRODUCT_NAME = "$(TARGET_NAME)";
				SWIFT_EMIT_LOC_STRINGS = YES;
				SWIFT_VERSION = 5.0;
				TARGETED_DEVICE_FAMILY = "1,2";
			};
			name = Release;
		};
/* End XCBuildConfiguration section */

/* Begin XCConfigurationList section */
		C8D67AB92A4D9E51008EE62C /* Build configuration list for PBXProject "Lemming" */ = {
			isa = XCConfigurationList;
			buildConfigurations = (
				C8D67ACA2A4D9E53008EE62C /* Debug */,
				C8D67ACB2A4D9E53008EE62C /* Release */,
			);
			defaultConfigurationIsVisible = 0;
			defaultConfigurationName = Release;
		};
		C8D67ACC2A4D9E53008EE62C /* Build configuration list for PBXNativeTarget "Lemming" */ = {
			isa = XCConfigurationList;
			buildConfigurations = (
				C8D67ACD2A4D9E53008EE62C /* Debug */,
				C8D67ACE2A4D9E53008EE62C /* Release */,
			);
			defaultConfigurationIsVisible = 0;
			defaultConfigurationName = Release;
		};
/* End XCConfigurationList section */

/* Begin XCRemoteSwiftPackageReference section */
		C844706D2A4F11AA00672CFE /* XCRemoteSwiftPackageReference "keychain-swift" */ = {
			isa = XCRemoteSwiftPackageReference;
			repositoryURL = "https://github.com/evgenyneu/keychain-swift";
			requirement = {
				kind = upToNextMajorVersion;
				minimumVersion = 20.0.0;
			};
		};
		C84470702A4F274D00672CFE /* XCRemoteSwiftPackageReference "KeychainAccess" */ = {
			isa = XCRemoteSwiftPackageReference;
			repositoryURL = "https://github.com/kishikawakatsumi/KeychainAccess";
			requirement = {
				branch = master;
				kind = branch;
			};
		};
		C87662ED2A4E0CE50071575D /* XCRemoteSwiftPackageReference "Lemmy-Swift-Client" */ = {
			isa = XCRemoteSwiftPackageReference;
			repositoryURL = "https://github.com/rrainn/Lemmy-Swift-Client";
			requirement = {
				kind = upToNextMajorVersion;
				minimumVersion = 1.0.0;
			};
		};
/* End XCRemoteSwiftPackageReference section */

/* Begin XCSwiftPackageProductDependency section */
		C84470712A4F274D00672CFE /* KeychainAccess */ = {
			isa = XCSwiftPackageProductDependency;
			package = C84470702A4F274D00672CFE /* XCRemoteSwiftPackageReference "KeychainAccess" */;
			productName = KeychainAccess;
		};
		C87662EE2A4E0CE50071575D /* Lemmy-Swift-Client */ = {
			isa = XCSwiftPackageProductDependency;
			package = C87662ED2A4E0CE50071575D /* XCRemoteSwiftPackageReference "Lemmy-Swift-Client" */;
			productName = "Lemmy-Swift-Client";
		};
/* End XCSwiftPackageProductDependency section */
	};
	rootObject = C8D67AB62A4D9E51008EE62C /* Project object */;
}
